
Microsoft Visual Studio Solution File, Format Version 12.00
# Visual Studio Version 17
VisualStudioVersion = 17.2.32616.157
MinimumVisualStudioVersion = 10.0.40219.1
Project("{8BC9CEB8-8B4A-11D0-8D11-00A0C91BC942}") = "return by reference", "return by reference.vcxproj", "{7980E045-0FBC-43BC-93A4-293FE452055B}"
EndProject
Global
	GlobalSection(SolutionConfigurationPlatforms) = preSolution
		Debug|x64 = Debug|x64
		Debug|x86 = Debug|x86
		Release|x64 = Release|x64
		Release|x86 = Release|x86
	EndGlobalSection
	GlobalSection(ProjectConfigurationPlatforms) = postSolution
		{7980E045-0FBC-43BC-93A4-293FE452055B}.Debug|x64.ActiveCfg = Debug|x64
		{7980E045-0FBC-43BC-93A4-293FE452055B}.Debug|x64.Build.0 = Debug|x64
		{7980E045-0FBC-43BC-93A4-293FE452055B}.Debug|x86.ActiveCfg = Debug|Win32
		{7980E045-0FBC-43BC-93A4-293FE452055B}.Debug|x86.Build.0 = Debug|Win32
		{7980E045-0FBC-43BC-93A4-293FE452055B}.Release|x64.ActiveCfg = Release|x64
		{7980E045-0FBC-43BC-93A4-293FE452055B}.Release|x64.Build.0 = Release|x64
		{7980E045-0FBC-43BC-93A4-293FE452055B}.Release|x86.ActiveCfg = Release|Win32
		{7980E045-0FBC-43BC-93A4-293FE452055B}.Release|x86.Build.0 = Release|Win32
	EndGlobalSection
	GlobalSection(SolutionProperties) = preSolution
		HideSolutionNode = FALSE
	EndGlobalSection
	GlobalSection(ExtensibilityGlobals) = postSolution
		SolutionGuid = {43148FBF-F76C-4FA6-BD52-43D4E7F164D6}
	EndGlobalSection
EndGlobal
